{
  "version": 4,
  "terraform_version": "1.0.0",
  "serial": 4,
  "lineage": "86c26f14-3426-8667-4a57-1dba32fc9388",
  "outputs": {
    "readstatefile": {
      "value": "tfv11-4332",
      "type": "string"
    },
    "tfv1output": {
      "value": "tfv1-1050",
      "type": "string"
    }
  },
  "resources": [
    {
      "mode": "data",
      "type": "terraform_remote_state",
      "name": "tf11",
      "provider": "provider[\"terraform.io/builtin/terraform\"]",
      "instances": [
        {
          "schema_version": 0,
          "attributes": {
            "backend": "local",
            "config": {
              "value": {
                "path": "C:/Code/tf11test/terraform.tfstate"
              },
              "type": [
                "object",
                {
                  "path": "string"
                }
              ]
            },
            "defaults": null,
            "outputs": {
              "value": {
                "readstatefile": "tfv1-1050",
                "tfv11output": "tfv11-4332"
              },
              "type": [
                "object",
                {
                  "readstatefile": "string",
                  "tfv11output": "string"
                }
              ]
            },
            "workspace": null
          },
          "sensitive_attributes": []
        }
      ]
    },
    {
      "mode": "managed",
      "type": "random_integer",
      "name": "integer",
      "provider": "provider[\"registry.terraform.io/hashicorp/random\"]",
      "instances": [
        {
          "schema_version": 0,
          "attributes": {
            "id": "1050",
            "keepers": null,
            "max": 9999,
            "min": 1000,
            "result": 1050,
            "seed": null
          },
          "sensitive_attributes": [],
          "private": "bnVsbA=="
        }
      ]
    }
  ]
}
